
Microsoft Visual Studio Solution File, Format Version 12.00
# Visual Studio Version 16
VisualStudioVersion = 16.0.31727.386
MinimumVisualStudioVersion = 10.0.40219.1
Project("{FAE04EC0-301F-11D3-BF4B-00C04F79EFBC}") = "ITMO.ASP_NET_Course2021.DBApp.StudentAcademicPerformance", "ITMO.ASP_NET_Course2021.DBApp.StudentAcademicPerformance\ITMO.ASP_NET_Course2021.DBApp.StudentAcademicPerformance.csproj", "{3BE8E67C-0A31-45C7-9A99-4086464B2E8F}"
EndProject
Global
	GlobalSection(SolutionConfigurationPlatforms) = preSolution
		Debug|Any CPU = Debug|Any CPU
		Release|Any CPU = Release|Any CPU
	EndGlobalSection
	GlobalSection(ProjectConfigurationPlatforms) = postSolution
		{3BE8E67C-0A31-45C7-9A99-4086464B2E8F}.Debug|Any CPU.ActiveCfg = Debug|Any CPU
		{3BE8E67C-0A31-45C7-9A99-4086464B2E8F}.Debug|Any CPU.Build.0 = Debug|Any CPU
		{3BE8E67C-0A31-45C7-9A99-4086464B2E8F}.Release|Any CPU.ActiveCfg = Release|Any CPU
		{3BE8E67C-0A31-45C7-9A99-4086464B2E8F}.Release|Any CPU.Build.0 = Release|Any CPU
	EndGlobalSection
	GlobalSection(SolutionProperties) = preSolution
		HideSolutionNode = FALSE
	EndGlobalSection
	GlobalSection(ExtensibilityGlobals) = postSolution
		SolutionGuid = {4C55B69E-79B8-4EA2-A304-4D1AC127ACAA}
	EndGlobalSection
EndGlobal
